// !$*UTF8*$!
{
	archiveVersion = 1;
	classes = {
	};
	objectVersion = 46;
	objects = {

/* Begin PBXBuildFile section */
		3C6080F11E46A80E0069A095 /* MovieCell.swift in Sources */ = {isa = PBXBuildFile; fileRef = 3C6080F01E46A80E0069A095 /* MovieCell.swift */; };
		3CB324871E415E7900E5B1BC /* AppDelegate.swift in Sources */ = {isa = PBXBuildFile; fileRef = 3CB324861E415E7900E5B1BC /* AppDelegate.swift */; };
		3CB3248C1E415E7900E5B1BC /* Main.storyboard in Resources */ = {isa = PBXBuildFile; fileRef = 3CB3248A1E415E7900E5B1BC /* Main.storyboard */; };
		3CB3248E1E415E7900E5B1BC /* Assets.xcassets in Resources */ = {isa = PBXBuildFile; fileRef = 3CB3248D1E415E7900E5B1BC /* Assets.xcassets */; };
		3CB324911E415E7900E5B1BC /* LaunchScreen.storyboard in Resources */ = {isa = PBXBuildFile; fileRef = 3CB3248F1E415E7900E5B1BC /* LaunchScreen.storyboard */; };
		3CB324991E415EF400E5B1BC /* MovieViewController.swift in Sources */ = {isa = PBXBuildFile; fileRef = 3CB324981E415EF400E5B1BC /* MovieViewController.swift */; };
		3CBE367C1E4AA6520089F09A /* DetailViewController.swift in Sources */ = {isa = PBXBuildFile; fileRef = 3CBE367B1E4AA6520089F09A /* DetailViewController.swift */; };
		B47E57C47BEF418D2693BB2A /* Pods_Flickster.framework in Frameworks */ = {isa = PBXBuildFile; fileRef = 288C4DF1B970194736671449 /* Pods_Flickster.framework */; };
/* End PBXBuildFile section */

/* Begin PBXFileReference section */
		288C4DF1B970194736671449 /* Pods_Flickster.framework */ = {isa = PBXFileReference; explicitFileType = wrapper.framework; includeInIndex = 0; path = Pods_Flickster.framework; sourceTree = BUILT_PRODUCTS_DIR; };
		3C6080F01E46A80E0069A095 /* MovieCell.swift */ = {isa = PBXFileReference; fileEncoding = 4; lastKnownFileType = sourcecode.swift; path = MovieCell.swift; sourceTree = "<group>"; };
		3CB324831E415E7900E5B1BC /* Flickster.app */ = {isa = PBXFileReference; explicitFileType = wrapper.application; includeInIndex = 0; path = Flickster.app; sourceTree = BUILT_PRODUCTS_DIR; };
		3CB324861E415E7900E5B1BC /* AppDelegate.swift */ = {isa = PBXFileReference; lastKnownFileType = sourcecode.swift; path = AppDelegate.swift; sourceTree = "<group>"; };
		3CB3248B1E415E7900E5B1BC /* Base */ = {isa = PBXFileReference; lastKnownFileType = file.storyboard; name = Base; path = Base.lproj/Main.storyboard; sourceTree = "<group>"; };
		3CB3248D1E415E7900E5B1BC /* Assets.xcassets */ = {isa = PBXFileReference; lastKnownFileType = folder.assetcatalog; path = Assets.xcassets; sourceTree = "<group>"; };
		3CB324901E415E7900E5B1BC /* Base */ = {isa = PBXFileReference; lastKnownFileType = file.storyboard; name = Base; path = Base.lproj/LaunchScreen.storyboard; sourceTree = "<group>"; };
		3CB324921E415E7900E5B1BC /* Info.plist */ = {isa = PBXFileReference; lastKnownFileType = text.plist.xml; path = Info.plist; sourceTree = "<group>"; };
		3CB324981E415EF400E5B1BC /* MovieViewController.swift */ = {isa = PBXFileReference; fileEncoding = 4; lastKnownFileType = sourcecode.swift; path = MovieViewController.swift; sourceTree = "<group>"; };
		3CBE367B1E4AA6520089F09A /* DetailViewController.swift */ = {isa = PBXFileReference; fileEncoding = 4; lastKnownFileType = sourcecode.swift; path = DetailViewController.swift; sourceTree = "<group>"; };
		7A888EC0BA24F5AF16A25397 /* Pods-Flickster.release.xcconfig */ = {isa = PBXFileReference; includeInIndex = 1; lastKnownFileType = text.xcconfig; name = "Pods-Flickster.release.xcconfig"; path = "Pods/Target Support Files/Pods-Flickster/Pods-Flickster.release.xcconfig"; sourceTree = "<group>"; };
		E12A7BF0CBFC4E962CCEA603 /* Pods-Flickster.debug.xcconfig */ = {isa = PBXFileReference; includeInIndex = 1; lastKnownFileType = text.xcconfig; name = "Pods-Flickster.debug.xcconfig"; path = "Pods/Target Support Files/Pods-Flickster/Pods-Flickster.debug.xcconfig"; sourceTree = "<group>"; };
/* End PBXFileReference section */

/* Begin PBXFrameworksBuildPhase section */
		3CB324801E415E7900E5B1BC /* Frameworks */ = {
			isa = PBXFrameworksBuildPhase;
			buildActionMask = 2147483647;
			files = (
				B47E57C47BEF418D2693BB2A /* Pods_Flickster.framework in Frameworks */,
			);
			runOnlyForDeploymentPostprocessing = 0;
		};
/* End PBXFrameworksBuildPhase section */

/* Begin PBXGroup section */
		316BD7F27703098D61A4D3AD /* Pods */ = {
			isa = PBXGroup;
			children = (
				E12A7BF0CBFC4E962CCEA603 /* Pods-Flickster.debug.xcconfig */,
				7A888EC0BA24F5AF16A25397 /* Pods-Flickster.release.xcconfig */,
			);
			name = Pods;
			sourceTree = "<group>";
		};
		3C6080EF1E46A7CA0069A095 /* Views */ = {
			isa = PBXGroup;
			children = (
				3C6080F01E46A80E0069A095 /* MovieCell.swift */,
			);
			name = Views;
			sourceTree = "<group>";
		};
		3C6080F21E46A8390069A095 /* View Controllers */ = {
			isa = PBXGroup;
			children = (
				3CB324981E415EF400E5B1BC /* MovieViewController.swift */,
				3CBE367B1E4AA6520089F09A /* DetailViewController.swift */,
			);
			name = "View Controllers";
			sourceTree = "<group>";
		};
		3CB3247A1E415E7900E5B1BC = {
			isa = PBXGroup;
			children = (
				3CB324851E415E7900E5B1BC /* Flickster */,
				3CB324841E415E7900E5B1BC /* Products */,
				316BD7F27703098D61A4D3AD /* Pods */,
				4C40617732BAA5FBE66310AE /* Frameworks */,
			);
			sourceTree = "<group>";
		};
		3CB324841E415E7900E5B1BC /* Products */ = {
			isa = PBXGroup;
			children = (
				3CB324831E415E7900E5B1BC /* Flickster.app */,
			);
			name = Products;
			sourceTree = "<group>";
		};
		3CB324851E415E7900E5B1BC /* Flickster */ = {
			isa = PBXGroup;
			children = (
				3C6080F21E46A8390069A095 /* View Controllers */,
				3C6080EF1E46A7CA0069A095 /* Views */,
				3CB324861E415E7900E5B1BC /* AppDelegate.swift */,
				3CB3248A1E415E7900E5B1BC /* Main.storyboard */,
				3CB3248D1E415E7900E5B1BC /* Assets.xcassets */,
				3CB3248F1E415E7900E5B1BC /* LaunchScreen.storyboard */,
				3CB324921E415E7900E5B1BC /* Info.plist */,
			);
			path = Flickster;
			sourceTree = "<group>";
		};
		4C40617732BAA5FBE66310AE /* Frameworks */ = {
			isa = PBXGroup;
			children = (
				288C4DF1B970194736671449 /* Pods_Flickster.framework */,
			);
			name = Frameworks;
			sourceTree = "<group>";
		};
/* End PBXGroup section */

/* Begin PBXNativeTarget section */
		3CB324821E415E7900E5B1BC /* Flickster */ = {
			isa = PBXNativeTarget;
			buildConfigurationList = 3CB324951E415E7900E5B1BC /* Build configuration list for PBXNativeTarget "Flickster" */;
			buildPhases = (
				82256C9D725C75872BF990CF /* [CP] Check Pods Manifest.lock */,
				3CB3247F1E415E7900E5B1BC /* Sources */,
				3CB324801E415E7900E5B1BC /* Frameworks */,
				3CB324811E415E7900E5B1BC /* Resources */,
				CB79D7D2A00D7F7E1A5958B4 /* [CP] Embed Pods Frameworks */,
				7562D5C7159CD3EA8C002CB6 /* [CP] Copy Pods Resources */,
			);
			buildRules = (
			);
			dependencies = (
			);
			name = Flickster;
			productName = Flickster;
			productReference = 3CB324831E415E7900E5B1BC /* Flickster.app */;
			productType = "com.apple.product-type.application";
		};
/* End PBXNativeTarget section */

/* Begin PBXProject section */
		3CB3247B1E415E7900E5B1BC /* Project object */ = {
			isa = PBXProject;
			attributes = {
				LastSwiftUpdateCheck = 0820;
				LastUpgradeCheck = 0820;
				ORGANIZATIONNAME = "David Hill";
				TargetAttributes = {
					3CB324821E415E7900E5B1BC = {
						CreatedOnToolsVersion = 8.2.1;
						DevelopmentTeam = 6X8456G82G;
						ProvisioningStyle = Automatic;
					};
				};
			};
			buildConfigurationList = 3CB3247E1E415E7900E5B1BC /* Build configuration list for PBXProject "Flickster" */;
			compatibilityVersion = "Xcode 3.2";
			developmentRegion = English;
			hasScannedForEncodings = 0;
			knownRegions = (
				en,
				Base,
			);
			mainGroup = 3CB3247A1E415E7900E5B1BC;
			productRefGroup = 3CB324841E415E7900E5B1BC /* Products */;
			projectDirPath = "";
			projectRoot = "";
			targets = (
				3CB324821E415E7900E5B1BC /* Flickster */,
			);
		};
/* End PBXProject section */

/* Begin PBXResourcesBuildPhase section */
		3CB324811E415E7900E5B1BC /* Resources */ = {
			isa = PBXResourcesBuildPhase;
			buildActionMask = 2147483647;
			files = (
				3CB324911E415E7900E5B1BC /* LaunchScreen.storyboard in Resources */,
				3CB3248E1E415E7900E5B1BC /* Assets.xcassets in Resources */,
				3CB3248C1E415E7900E5B1BC /* Main.storyboard in Resources */,
			);
			runOnlyForDeploymentPostprocessing = 0;
		};
/* End PBXResourcesBuildPhase section */

/* Begin PBXShellScriptBuildPhase section */
		7562D5C7159CD3EA8C002CB6 /* [CP] Copy Pods Resources */ = {
			isa = PBXShellScriptBuildPhase;
			buildActionMask = 2147483647;
			files = (
			);
			inputPaths = (
			);
			name = "[CP] Copy Pods Resources";
			outputPaths = (
			);
			runOnlyForDeploymentPostprocessing = 0;
			shellPath = /bin/sh;
			shellScript = "\"${SRCROOT}/Pods/Target Support Files/Pods-Flickster/Pods-Flickster-resources.sh\"\n";
			showEnvVarsInLog = 0;
		};
		82256C9D725C75872BF990CF /* [CP] Check Pods Manifest.lock */ = {
			isa = PBXShellScriptBuildPhase;
			buildActionMask = 2147483647;
			files = (
			);
			inputPaths = (
			);
			name = "[CP] Check Pods Manifest.lock";
			outputPaths = (
			);
			runOnlyForDeploymentPostprocessing = 0;
			shellPath = /bin/sh;
			shellScript = "diff \"${PODS_ROOT}/../Podfile.lock\" \"${PODS_ROOT}/Manifest.lock\" > /dev/null\nif [ $? != 0 ] ; then\n    # print error to STDERR\n    echo \"error: The sandbox is not in sync with the Podfile.lock. Run 'pod install' or update your CocoaPods installation.\" >&2\n    exit 1\nfi\n";
			showEnvVarsInLog = 0;
		};
		CB79D7D2A00D7F7E1A5958B4 /* [CP] Embed Pods Frameworks */ = {
			isa = PBXShellScriptBuildPhase;
			buildActionMask = 2147483647;
			files = (
			);
			inputPaths = (
			);
			name = "[CP] Embed Pods Frameworks";
			outputPaths = (
			);
			runOnlyForDeploymentPostprocessing = 0;
			shellPath = /bin/sh;
			shellScript = "\"${SRCROOT}/Pods/Target Support Files/Pods-Flickster/Pods-Flickster-frameworks.sh\"\n";
			showEnvVarsInLog = 0;
		};
/* End PBXShellScriptBuildPhase section */

/* Begin PBXSourcesBuildPhase section */
		3CB3247F1E415E7900E5B1BC /* Sources */ = {
			isa = PBXSourcesBuildPhase;
			buildActionMask = 2147483647;
			files = (
				3CB324871E415E7900E5B1BC /* AppDelegate.swift in Sources */,
				3CB324991E415EF400E5B1BC /* MovieViewController.swift in Sources */,
				3C6080F11E46A80E0069A095 /* MovieCell.swift in Sources */,
				3CBE367C1E4AA6520089F09A /* DetailViewController.swift in Sources */,
			);
			runOnlyForDeploymentPostprocessing = 0;
		};
/* End PBXSourcesBuildPhase section */

/* Begin PBXVariantGroup section */
		3CB3248A1E415E7900E5B1BC /* Main.storyboard */ = {
			isa = PBXVariantGroup;
			children = (
				3CB3248B1E415E7900E5B1BC /* Base */,
			);
			name = Main.storyboard;
			sourceTree = "<group>";
		};
		3CB3248F1E415E7900E5B1BC /* LaunchScreen.storyboard */ = {
			isa = PBXVariantGroup;
			children = (
				3CB324901E415E7900E5B1BC /* Base */,
			);
			name = LaunchScreen.storyboard;
			sourceTree = "<group>";
		};
/* End PBXVariantGroup section */

/* Begin XCBuildConfiguration section */
		3CB324931E415E7900E5B1BC /* Debug */ = {
			isa = XCBuildConfiguration;
			buildSettings = {
				ALWAYS_SEARCH_USER_PATHS = NO;
				CLANG_ANALYZER_NONNULL = YES;
				CLANG_CXX_LANGUAGE_STANDARD = "gnu++0x";
				CLANG_CXX_LIBRARY = "libc++";
				CLANG_ENABLE_MODULES = YES;
				CLANG_ENABLE_OBJC_ARC = YES;
				CLANG_WARN_BOOL_CONVERSION = YES;
				CLANG_WARN_CONSTANT_CONVERSION = YES;
				CLANG_WARN_DIRECT_OBJC_ISA_USAGE = YES_ERROR;
				CLANG_WARN_DOCUMENTATION_COMMENTS = YES;
				CLANG_WARN_EMPTY_BODY = YES;
				CLANG_WARN_ENUM_CONVERSION = YES;
				CLANG_WARN_INFINITE_RECURSION = YES;
				CLANG_WARN_INT_CONVERSION = YES;
				CLANG_WARN_OBJC_ROOT_CLASS = YES_ERROR;
				CLANG_WARN_SUSPICIOUS_MOVE = YES;
				CLANG_WARN_UNREACHABLE_CODE = YES;
				CLANG_WARN__DUPLICATE_METHOD_MATCH = YES;
				"CODE_SIGN_IDENTITY[sdk=iphoneos*]" = "iPhone Developer";
				COPY_PHASE_STRIP = NO;
				DEBUG_INFORMATION_FORMAT = dwarf;
				ENABLE_STRICT_OBJC_MSGSEND = YES;
				ENABLE_TESTABILITY = YES;
				GCC_C_LANGUAGE_STANDARD = gnu99;
				GCC_DYNAMIC_NO_PIC = NO;
				GCC_NO_COMMON_BLOCKS = YES;
				GCC_OPTIMIZATION_LEVEL = 0;
				GCC_PREPROCESSOR_DEFINITIONS = (
					"DEBUG=1",
					"$(inherited)",
				);
				GCC_WARN_64_TO_32_BIT_CONVERSION = YES;
				GCC_WARN_ABOUT_RETURN_TYPE = YES_ERROR;
				GCC_WARN_UNDECLARED_SELECTOR = YES;
				GCC_WARN_UNINITIALIZED_AUTOS = YES_AGGRESSIVE;
				GCC_WARN_UNUSED_FUNCTION = YES;
				GCC_WARN_UNUSED_VARIABLE = YES;
				IPHONEOS_DEPLOYMENT_TARGET = 10.2;
				MTL_ENABLE_DEBUG_INFO = YES;
				ONLY_ACTIVE_ARCH = YES;
				SDKROOT = iphoneos;
				SWIFT_ACTIVE_COMPILATION_CONDITIONS = DEBUG;
				SWIFT_OPTIMIZATION_LEVEL = "-Onone";
			};
			name = Debug;
		};
		3CB324941E415E7900E5B1BC /* Release */ = {
			isa = XCBuildConfiguration;
			buildSettings = {
				ALWAYS_SEARCH_USER_PATHS = NO;
				CLANG_ANALYZER_NONNULL = YES;
				CLANG_CXX_LANGUAGE_STANDARD = "gnu++0x";
				CLANG_CXX_LIBRARY = "libc++";
				CLANG_ENABLE_MODULES = YES;
				CLANG_ENABLE_OBJC_ARC = YES;
				CLANG_WARN_BOOL_CONVERSION = YES;
				CLANG_WARN_CONSTANT_CONVERSION = YES;
				CLANG_WARN_DIRECT_OBJC_ISA_USAGE = YES_ERROR;
				CLANG_WARN_DOCUMENTATION_COMMENTS = YES;
				CLANG_WARN_EMPTY_BODY = YES;
				CLANG_WARN_ENUM_CONVERSION = YES;
				CLANG_WARN_INFINITE_RECURSION = YES;
				CLANG_WARN_INT_CONVERSION = YES;
				CLANG_WARN_OBJC_ROOT_CLASS = YES_ERROR;
				CLANG_WARN_SUSPICIOUS_MOVE = YES;
				CLANG_WARN_UNREACHABLE_CODE = YES;
				CLANG_WARN__DUPLICATE_METHOD_MATCH = YES;
				"CODE_SIGN_IDENTITY[sdk=iphoneos*]" = "iPhone Developer";
				COPY_PHASE_STRIP = NO;
				DEBUG_INFORMATION_FORMAT = "dwarf-with-dsym";
				ENABLE_NS_ASSERTIONS = NO;
				ENABLE_STRICT_OBJC_MSGSEND = YES;
				GCC_C_LANGUAGE_STANDARD = gnu99;
				GCC_NO_COMMON_BLOCKS = YES;
				GCC_WARN_64_TO_32_BIT_CONVERSION = YES;
				GCC_WARN_ABOUT_RETURN_TYPE = YES_ERROR;
				GCC_WARN_UNDECLARED_SELECTOR = YES;
				GCC_WARN_UNINITIALIZED_AUTOS = YES_AGGRESSIVE;
				GCC_WARN_UNUSED_FUNCTION = YES;
				GCC_WARN_UNUSED_VARIABLE = YES;
				IPHONEOS_DEPLOYMENT_TARGET = 10.2;
				MTL_ENABLE_DEBUG_INFO = NO;
				SDKROOT = iphoneos;
				SWIFT_OPTIMIZATION_LEVEL = "-Owholemodule";
				VALIDATE_PRODUCT = YES;
			};
			name = Release;
		};
		3CB324961E415E7900E5B1BC /* Debug */ = {
			isa = XCBuildConfiguration;
			baseConfigurationReference = E12A7BF0CBFC4E962CCEA603 /* Pods-Flickster.debug.xcconfig */;
			buildSettings = {
				ASSETCATALOG_COMPILER_APPICON_NAME = AppIcon;
				DEVELOPMENT_TEAM = 6X8456G82G;
				INFOPLIST_FILE = Flickster/Info.plist;
				LD_RUNPATH_SEARCH_PATHS = "$(inherited) @executable_path/Frameworks";
				PRODUCT_BUNDLE_IDENTIFIER = DavidH.Flickster;
				PRODUCT_NAME = "$(TARGET_NAME)";
				SWIFT_VERSION = 3.0;
			};
			name = Debug;
		};
		3CB324971E415E7900E5B1BC /* Release */ = {
			isa = XCBuildConfiguration;
			baseConfigurationReference = 7A888EC0BA24F5AF16A25397 /* Pods-Flickster.release.xcconfig */;
			buildSettings = {
				ASSETCATALOG_COMPILER_APPICON_NAME = AppIcon;
				DEVELOPMENT_TEAM = 6X8456G82G;
				INFOPLIST_FILE = Flickster/Info.plist;
				LD_RUNPATH_SEARCH_PATHS = "$(inherited) @executable_path/Frameworks";
				PRODUCT_BUNDLE_IDENTIFIER = DavidH.Flickster;
				PRODUCT_NAME = "$(TARGET_NAME)";
				SWIFT_VERSION = 3.0;
			};
			name = Release;
		};
/* End XCBuildConfiguration section */

/* Begin XCConfigurationList section */
		3CB3247E1E415E7900E5B1BC /* Build configuration list for PBXProject "Flickster" */ = {
			isa = XCConfigurationList;
			buildConfigurations = (
				3CB324931E415E7900E5B1BC /* Debug */,
				3CB324941E415E7900E5B1BC /* Release */,
			);
			defaultConfigurationIsVisible = 0;
			defaultConfigurationName = Release;
		};
		3CB324951E415E7900E5B1BC /* Build configuration list for PBXNativeTarget "Flickster" */ = {
			isa = XCConfigurationList;
			buildConfigurations = (
				3CB324961E415E7900E5B1BC /* Debug */,
				3CB324971E415E7900E5B1BC /* Release */,
			);
			defaultConfigurationIsVisible = 0;
			defaultConfigurationName = Release;
		};
/* End XCConfigurationList section */
	};
	rootObject = 3CB3247B1E415E7900E5B1BC /* Project object */;
}
